github.com/amoghe/distillog v0.0.0-20180726233512-ae382b35b717 h1:cdJG5d0xtOHgeev36KoJCRZMOct8GzxXCcJgyzUyUd4=
github.com/amoghe/distillog v0.0.0-20180726233512-ae382b35b717/go.mod h1:7DXz/QzS6kSSk2b7TqXmf4RGWX3bVsdyxpwWpQ1i0J4=
github.com/go-telegram-bot-api/telegram-bot-api v4.6.4+incompatible h1:2cauKuaELYAEARXRkq2LrJ0yDDv1rW7+wrTEdVL3uaU=
github.com/go-telegram-bot-api/telegram-bot-api v4.6.4+incompatible/go.mod h1:qf9acutJ8cwBUhm1bqgz6Bei9/C/c93FPDljKWwsOgM=
github.com/lazada/sqle v0.0.0-20171211164427-f1ca64d42ef4 h1:P5RWAfeKQsZ8zYU4/KGqYn/A1HN791/hsFx5qvkcVio=
github.com/lazada/sqle v0.0.0-20171211164427-f1ca64d42ef4/go.mod h1:MhEqbqotb5MjvDGF4jAXC9Kiieb3IVe6kw6BUeQPiXY=
github.com/mattn/go-sqlite3 v1.14.16 h1:yOQRA0RpS5PFz/oikGwBEqvAWhWg5ufRz4ETLjwpU1Y=
github.com/mattn/go-sqlite3 v1.14.16/go.mod h1:2eHXhiwb8IkHr+BDWZGa96P6+rkvnG63S2DGjv9HUNg=
github.com/technoweenie/multipartstreamer v1.0.1 h1:XRztA5MXiR1TIRHxH2uNxXxaIkKQDeX7m2XsSOlQEnM=
github.com/technoweenie/multipartstreamer v1.0.1/go.mod h1:jNVxdtShOxzAsukZwTSw6MDx5eUJoiEBsSvzDU9uzog=
golang.org/x/net v0.7.0 h1:rJrUqqhjsgNp7KqAIc25s9pZnjU7TUcSY7HcVZjdn1g=
golang.org/x/net v0.7.0/go.mod h1:2Tu9+aMcznHK/AK1HMvgo6xiTLG5rD5rZLDS+rp2Bjs=
gopkg.in/telegram-bot-api.v4 v4.6.4 h1:hpHWhzn4jTCsAJZZ2loNKfy2QWyPDRJVl3aTFXeMW8g=
gopkg.in/telegram-bot-api.v4 v4.6.4/go.mod h1:5DpGO5dbumb40px+dXcwCpcjmeHNYLpk0bp3XRNvWDM=
